// !$*UTF8*$!
{
	archiveVersion = 1;
	classes = {
	};
	objectVersion = 52;
	objects = {

/* Begin PBXBuildFile section */
		8B06291F254CA24700AD33ED /* InfoDisplayTableViewCell.swift in Sources */ = {isa = PBXBuildFile; fileRef = 8B06291E254CA24700AD33ED /* InfoDisplayTableViewCell.swift */; };
		8B3C62782567AC9C00FA809A /* searchAPI.swift in Sources */ = {isa = PBXBuildFile; fileRef = 8B3C62772567AC9C00FA809A /* searchAPI.swift */; };
		8B3C627A2567B05800FA809A /* class.swift in Sources */ = {isa = PBXBuildFile; fileRef = 8B3C62792567B05800FA809A /* class.swift */; };
		8B3DB092255A7EEF00EAA598 /* direction.swift in Sources */ = {isa = PBXBuildFile; fileRef = 8B3DB091255A7EEF00EAA598 /* direction.swift */; };
		8B3DB094255A7EFF00EAA598 /* directions.swift in Sources */ = {isa = PBXBuildFile; fileRef = 8B3DB093255A7EFE00EAA598 /* directions.swift */; };
		8B3DB096255A7F0D00EAA598 /* location.swift in Sources */ = {isa = PBXBuildFile; fileRef = 8B3DB095255A7F0D00EAA598 /* location.swift */; };
		8B3DB098255A7F1B00EAA598 /* locations.swift in Sources */ = {isa = PBXBuildFile; fileRef = 8B3DB097255A7F1B00EAA598 /* locations.swift */; };
		8B3DB09A255A7F2A00EAA598 /* path.swift in Sources */ = {isa = PBXBuildFile; fileRef = 8B3DB099255A7F2A00EAA598 /* path.swift */; };
		8B3DB09C255A7F3800EAA598 /* paths.swift in Sources */ = {isa = PBXBuildFile; fileRef = 8B3DB09B255A7F3800EAA598 /* paths.swift */; };
		8B3ED40524FEFF5000BFEED7 /* SwiftSoup in Frameworks */ = {isa = PBXBuildFile; productRef = 8B3ED40424FEFF5000BFEED7 /* SwiftSoup */; };
		8B3F068424E7436A00E4E5A8 /* AppDelegate.swift in Sources */ = {isa = PBXBuildFile; fileRef = 8B3F068324E7436A00E4E5A8 /* AppDelegate.swift */; };
		8B3F068624E7436A00E4E5A8 /* SceneDelegate.swift in Sources */ = {isa = PBXBuildFile; fileRef = 8B3F068524E7436A00E4E5A8 /* SceneDelegate.swift */; };
		8B3F068824E7436A00E4E5A8 /* ViewController.swift in Sources */ = {isa = PBXBuildFile; fileRef = 8B3F068724E7436A00E4E5A8 /* ViewController.swift */; };
		8B3F068B24E7436A00E4E5A8 /* Main.storyboard in Resources */ = {isa = PBXBuildFile; fileRef = 8B3F068924E7436A00E4E5A8 /* Main.storyboard */; };
		8B3F068E24E7436A00E4E5A8 /* MapASU.xcdatamodeld in Sources */ = {isa = PBXBuildFile; fileRef = 8B3F068C24E7436A00E4E5A8 /* MapASU.xcdatamodeld */; };
		8B3F069024E7437F00E4E5A8 /* Assets.xcassets in Resources */ = {isa = PBXBuildFile; fileRef = 8B3F068F24E7437F00E4E5A8 /* Assets.xcassets */; };
		8B3F069324E7437F00E4E5A8 /* LaunchScreen.storyboard in Resources */ = {isa = PBXBuildFile; fileRef = 8B3F069124E7437F00E4E5A8 /* LaunchScreen.storyboard */; };
		8B4C44FC256A515F00EB3CE3 /* PrevRoute+CoreDataClass.swift in Sources */ = {isa = PBXBuildFile; fileRef = 8B4C44FA256A515F00EB3CE3 /* PrevRoute+CoreDataClass.swift */; };
		8B4C44FD256A515F00EB3CE3 /* PrevRoute+CoreDataProperties.swift in Sources */ = {isa = PBXBuildFile; fileRef = 8B4C44FB256A515F00EB3CE3 /* PrevRoute+CoreDataProperties.swift */; };
		8B4C4500256A562500EB3CE3 /* PreviousRoute+CoreDataClass.swift in Sources */ = {isa = PBXBuildFile; fileRef = 8B4C44FE256A562500EB3CE3 /* PreviousRoute+CoreDataClass.swift */; };
		8B4C4501256A562500EB3CE3 /* PreviousRoute+CoreDataProperties.swift in Sources */ = {isa = PBXBuildFile; fileRef = 8B4C44FF256A562500EB3CE3 /* PreviousRoute+CoreDataProperties.swift */; };
/* End PBXBuildFile section */

/* Begin PBXFileReference section */
		8B06291E254CA24700AD33ED /* InfoDisplayTableViewCell.swift */ = {isa = PBXFileReference; lastKnownFileType = sourcecode.swift; path = InfoDisplayTableViewCell.swift; sourceTree = "<group>"; };
		8B3C62772567AC9C00FA809A /* searchAPI.swift */ = {isa = PBXFileReference; lastKnownFileType = sourcecode.swift; path = searchAPI.swift; sourceTree = "<group>"; };
		8B3C62792567B05800FA809A /* class.swift */ = {isa = PBXFileReference; lastKnownFileType = sourcecode.swift; path = class.swift; sourceTree = "<group>"; };
		8B3DB091255A7EEF00EAA598 /* direction.swift */ = {isa = PBXFileReference; fileEncoding = 4; lastKnownFileType = sourcecode.swift; path = direction.swift; sourceTree = "<group>"; };
		8B3DB093255A7EFE00EAA598 /* directions.swift */ = {isa = PBXFileReference; fileEncoding = 4; lastKnownFileType = sourcecode.swift; path = directions.swift; sourceTree = "<group>"; };
		8B3DB095255A7F0D00EAA598 /* location.swift */ = {isa = PBXFileReference; fileEncoding = 4; lastKnownFileType = sourcecode.swift; path = location.swift; sourceTree = "<group>"; };
		8B3DB097255A7F1B00EAA598 /* locations.swift */ = {isa = PBXFileReference; fileEncoding = 4; lastKnownFileType = sourcecode.swift; path = locations.swift; sourceTree = "<group>"; };
		8B3DB099255A7F2A00EAA598 /* path.swift */ = {isa = PBXFileReference; fileEncoding = 4; lastKnownFileType = sourcecode.swift; path = path.swift; sourceTree = "<group>"; };
		8B3DB09B255A7F3800EAA598 /* paths.swift */ = {isa = PBXFileReference; fileEncoding = 4; lastKnownFileType = sourcecode.swift; path = paths.swift; sourceTree = "<group>"; };
		8B3F068024E7436A00E4E5A8 /* MapASU.app */ = {isa = PBXFileReference; explicitFileType = wrapper.application; includeInIndex = 0; path = MapASU.app; sourceTree = BUILT_PRODUCTS_DIR; };
		8B3F068324E7436A00E4E5A8 /* AppDelegate.swift */ = {isa = PBXFileReference; lastKnownFileType = sourcecode.swift; path = AppDelegate.swift; sourceTree = "<group>"; };
		8B3F068524E7436A00E4E5A8 /* SceneDelegate.swift */ = {isa = PBXFileReference; lastKnownFileType = sourcecode.swift; path = SceneDelegate.swift; sourceTree = "<group>"; };
		8B3F068724E7436A00E4E5A8 /* ViewController.swift */ = {isa = PBXFileReference; lastKnownFileType = sourcecode.swift; path = ViewController.swift; sourceTree = "<group>"; };
		8B3F068A24E7436A00E4E5A8 /* Base */ = {isa = PBXFileReference; lastKnownFileType = file.storyboard; name = Base; path = Base.lproj/Main.storyboard; sourceTree = "<group>"; };
		8B3F068D24E7436A00E4E5A8 /* MapASU.xcdatamodel */ = {isa = PBXFileReference; lastKnownFileType = wrapper.xcdatamodel; path = MapASU.xcdatamodel; sourceTree = "<group>"; };
		8B3F068F24E7437F00E4E5A8 /* Assets.xcassets */ = {isa = PBXFileReference; lastKnownFileType = folder.assetcatalog; path = Assets.xcassets; sourceTree = "<group>"; };
		8B3F069224E7437F00E4E5A8 /* Base */ = {isa = PBXFileReference; lastKnownFileType = file.storyboard; name = Base; path = Base.lproj/LaunchScreen.storyboard; sourceTree = "<group>"; };
		8B3F069424E7437F00E4E5A8 /* Info.plist */ = {isa = PBXFileReference; lastKnownFileType = text.plist.xml; path = Info.plist; sourceTree = "<group>"; };
		8B4C44FA256A515F00EB3CE3 /* PrevRoute+CoreDataClass.swift */ = {isa = PBXFileReference; lastKnownFileType = sourcecode.swift; name = "PrevRoute+CoreDataClass.swift"; path = "MapASU/PrevRoute+CoreDataClass.swift"; sourceTree = "<group>"; };
		8B4C44FB256A515F00EB3CE3 /* PrevRoute+CoreDataProperties.swift */ = {isa = PBXFileReference; lastKnownFileType = sourcecode.swift; name = "PrevRoute+CoreDataProperties.swift"; path = "MapASU/PrevRoute+CoreDataProperties.swift"; sourceTree = "<group>"; };
		8B4C44FE256A562500EB3CE3 /* PreviousRoute+CoreDataClass.swift */ = {isa = PBXFileReference; lastKnownFileType = sourcecode.swift; name = "PreviousRoute+CoreDataClass.swift"; path = "MapASU/PreviousRoute+CoreDataClass.swift"; sourceTree = "<group>"; };
		8B4C44FF256A562500EB3CE3 /* PreviousRoute+CoreDataProperties.swift */ = {isa = PBXFileReference; lastKnownFileType = sourcecode.swift; name = "PreviousRoute+CoreDataProperties.swift"; path = "MapASU/PreviousRoute+CoreDataProperties.swift"; sourceTree = "<group>"; };
/* End PBXFileReference section */

/* Begin PBXFrameworksBuildPhase section */
		8B3F067D24E7436A00E4E5A8 /* Frameworks */ = {
			isa = PBXFrameworksBuildPhase;
			buildActionMask = 2147483647;
			files = (
				8B3ED40524FEFF5000BFEED7 /* SwiftSoup in Frameworks */,
			);
			runOnlyForDeploymentPostprocessing = 0;
		};
/* End PBXFrameworksBuildPhase section */

/* Begin PBXGroup section */
		8B3F067724E7436A00E4E5A8 = {
			isa = PBXGroup;
			children = (
				8B4C44FE256A562500EB3CE3 /* PreviousRoute+CoreDataClass.swift */,
				8B4C44FF256A562500EB3CE3 /* PreviousRoute+CoreDataProperties.swift */,
				8B4C44FA256A515F00EB3CE3 /* PrevRoute+CoreDataClass.swift */,
				8B4C44FB256A515F00EB3CE3 /* PrevRoute+CoreDataProperties.swift */,
				8B3F068224E7436A00E4E5A8 /* MapASU */,
				8B3F068124E7436A00E4E5A8 /* Products */,
			);
			sourceTree = "<group>";
		};
		8B3F068124E7436A00E4E5A8 /* Products */ = {
			isa = PBXGroup;
			children = (
				8B3F068024E7436A00E4E5A8 /* MapASU.app */,
			);
			name = Products;
			sourceTree = "<group>";
		};
		8B3F068224E7436A00E4E5A8 /* MapASU */ = {
			isa = PBXGroup;
			children = (
				8B3DB09B255A7F3800EAA598 /* paths.swift */,
				8B3DB099255A7F2A00EAA598 /* path.swift */,
				8B3DB097255A7F1B00EAA598 /* locations.swift */,
				8B3DB095255A7F0D00EAA598 /* location.swift */,
				8B3DB093255A7EFE00EAA598 /* directions.swift */,
				8B3DB091255A7EEF00EAA598 /* direction.swift */,
				8B3C62792567B05800FA809A /* class.swift */,
				8B3C62772567AC9C00FA809A /* searchAPI.swift */,
				8B06291E254CA24700AD33ED /* InfoDisplayTableViewCell.swift */,
				8B3F068324E7436A00E4E5A8 /* AppDelegate.swift */,
				8B3F068524E7436A00E4E5A8 /* SceneDelegate.swift */,
				8B3F068724E7436A00E4E5A8 /* ViewController.swift */,
				8B3F068924E7436A00E4E5A8 /* Main.storyboard */,
				8B3F068F24E7437F00E4E5A8 /* Assets.xcassets */,
				8B3F069124E7437F00E4E5A8 /* LaunchScreen.storyboard */,
				8B3F069424E7437F00E4E5A8 /* Info.plist */,
				8B3F068C24E7436A00E4E5A8 /* MapASU.xcdatamodeld */,
			);
			path = MapASU;
			sourceTree = "<group>";
		};
/* End PBXGroup section */

/* Begin PBXNativeTarget section */
		8B3F067F24E7436A00E4E5A8 /* MapASU */ = {
			isa = PBXNativeTarget;
			buildConfigurationList = 8B3F069724E7437F00E4E5A8 /* Build configuration list for PBXNativeTarget "MapASU" */;
			buildPhases = (
				8B3F067C24E7436A00E4E5A8 /* Sources */,
				8B3F067D24E7436A00E4E5A8 /* Frameworks */,
				8B3F067E24E7436A00E4E5A8 /* Resources */,
			);
			buildRules = (
			);
			dependencies = (
			);
			name = MapASU;
			packageProductDependencies = (
				8B3ED40424FEFF5000BFEED7 /* SwiftSoup */,
			);
			productName = MapASU;
			productReference = 8B3F068024E7436A00E4E5A8 /* MapASU.app */;
			productType = "com.apple.product-type.application";
		};
/* End PBXNativeTarget section */

/* Begin PBXProject section */
		8B3F067824E7436A00E4E5A8 /* Project object */ = {
			isa = PBXProject;
			attributes = {
				LastSwiftUpdateCheck = 1140;
				LastUpgradeCheck = 1140;
				ORGANIZATIONNAME = "Ian Bradley";
				TargetAttributes = {
					8B3F067F24E7436A00E4E5A8 = {
						CreatedOnToolsVersion = 11.4.1;
					};
				};
			};
			buildConfigurationList = 8B3F067B24E7436A00E4E5A8 /* Build configuration list for PBXProject "MapASU" */;
			compatibilityVersion = "Xcode 9.3";
			developmentRegion = en;
			hasScannedForEncodings = 0;
			knownRegions = (
				en,
				Base,
			);
			mainGroup = 8B3F067724E7436A00E4E5A8;
			packageReferences = (
				8B3ED40324FEFF5000BFEED7 /* XCRemoteSwiftPackageReference "SwiftSoup" */,
			);
			productRefGroup = 8B3F068124E7436A00E4E5A8 /* Products */;
			projectDirPath = "";
			projectRoot = "";
			targets = (
				8B3F067F24E7436A00E4E5A8 /* MapASU */,
			);
		};
/* End PBXProject section */

/* Begin PBXResourcesBuildPhase section */
		8B3F067E24E7436A00E4E5A8 /* Resources */ = {
			isa = PBXResourcesBuildPhase;
			buildActionMask = 2147483647;
			files = (
				8B3F069324E7437F00E4E5A8 /* LaunchScreen.storyboard in Resources */,
				8B3F069024E7437F00E4E5A8 /* Assets.xcassets in Resources */,
				8B3F068B24E7436A00E4E5A8 /* Main.storyboard in Resources */,
			);
			runOnlyForDeploymentPostprocessing = 0;
		};
/* End PBXResourcesBuildPhase section */

/* Begin PBXSourcesBuildPhase section */
		8B3F067C24E7436A00E4E5A8 /* Sources */ = {
			isa = PBXSourcesBuildPhase;
			buildActionMask = 2147483647;
			files = (
				8B4C44FC256A515F00EB3CE3 /* PrevRoute+CoreDataClass.swift in Sources */,
				8B3DB09A255A7F2A00EAA598 /* path.swift in Sources */,
				8B06291F254CA24700AD33ED /* InfoDisplayTableViewCell.swift in Sources */,
				8B4C44FD256A515F00EB3CE3 /* PrevRoute+CoreDataProperties.swift in Sources */,
				8B4C4500256A562500EB3CE3 /* PreviousRoute+CoreDataClass.swift in Sources */,
				8B3C62782567AC9C00FA809A /* searchAPI.swift in Sources */,
				8B3DB098255A7F1B00EAA598 /* locations.swift in Sources */,
				8B3F068824E7436A00E4E5A8 /* ViewController.swift in Sources */,
				8B3DB09C255A7F3800EAA598 /* paths.swift in Sources */,
				8B3DB096255A7F0D00EAA598 /* location.swift in Sources */,
				8B3C627A2567B05800FA809A /* class.swift in Sources */,
				8B3F068424E7436A00E4E5A8 /* AppDelegate.swift in Sources */,
				8B3DB092255A7EEF00EAA598 /* direction.swift in Sources */,
				8B3F068E24E7436A00E4E5A8 /* MapASU.xcdatamodeld in Sources */,
				8B3DB094255A7EFF00EAA598 /* directions.swift in Sources */,
				8B3F068624E7436A00E4E5A8 /* SceneDelegate.swift in Sources */,
				8B4C4501256A562500EB3CE3 /* PreviousRoute+CoreDataProperties.swift in Sources */,
			);
			runOnlyForDeploymentPostprocessing = 0;
		};
/* End PBXSourcesBuildPhase section */

/* Begin PBXVariantGroup section */
		8B3F068924E7436A00E4E5A8 /* Main.storyboard */ = {
			isa = PBXVariantGroup;
			children = (
				8B3F068A24E7436A00E4E5A8 /* Base */,
			);
			name = Main.storyboard;
			sourceTree = "<group>";
		};
		8B3F069124E7437F00E4E5A8 /* LaunchScreen.storyboard */ = {
			isa = PBXVariantGroup;
			children = (
				8B3F069224E7437F00E4E5A8 /* Base */,
			);
			name = LaunchScreen.storyboard;
			sourceTree = "<group>";
		};
/* End PBXVariantGroup section */

/* Begin XCBuildConfiguration section */
		8B3F069524E7437F00E4E5A8 /* Debug */ = {
			isa = XCBuildConfiguration;
			buildSettings = {
				ALWAYS_SEARCH_USER_PATHS = NO;
				CLANG_ANALYZER_NONNULL = YES;
				CLANG_ANALYZER_NUMBER_OBJECT_CONVERSION = YES_AGGRESSIVE;
				CLANG_CXX_LANGUAGE_STANDARD = "gnu++14";
				CLANG_CXX_LIBRARY = "libc++";
				CLANG_ENABLE_MODULES = YES;
				CLANG_ENABLE_OBJC_ARC = YES;
				CLANG_ENABLE_OBJC_WEAK = YES;
				CLANG_WARN_BLOCK_CAPTURE_AUTORELEASING = YES;
				CLANG_WARN_BOOL_CONVERSION = YES;
				CLANG_WARN_COMMA = YES;
				CLANG_WARN_CONSTANT_CONVERSION = YES;
				CLANG_WARN_DEPRECATED_OBJC_IMPLEMENTATIONS = YES;
				CLANG_WARN_DIRECT_OBJC_ISA_USAGE = YES_ERROR;
				CLANG_WARN_DOCUMENTATION_COMMENTS = YES;
				CLANG_WARN_EMPTY_BODY = YES;
				CLANG_WARN_ENUM_CONVERSION = YES;
				CLANG_WARN_INFINITE_RECURSION = YES;
				CLANG_WARN_INT_CONVERSION = YES;
				CLANG_WARN_NON_LITERAL_NULL_CONVERSION = YES;
				CLANG_WARN_OBJC_IMPLICIT_RETAIN_SELF = YES;
				CLANG_WARN_OBJC_LITERAL_CONVERSION = YES;
				CLANG_WARN_OBJC_ROOT_CLASS = YES_ERROR;
				CLANG_WARN_RANGE_LOOP_ANALYSIS = YES;
				CLANG_WARN_STRICT_PROTOTYPES = YES;
				CLANG_WARN_SUSPICIOUS_MOVE = YES;
				CLANG_WARN_UNGUARDED_AVAILABILITY = YES_AGGRESSIVE;
				CLANG_WARN_UNREACHABLE_CODE = YES;
				CLANG_WARN__DUPLICATE_METHOD_MATCH = YES;
				COPY_PHASE_STRIP = NO;
				DEBUG_INFORMATION_FORMAT = dwarf;
				ENABLE_STRICT_OBJC_MSGSEND = YES;
				ENABLE_TESTABILITY = YES;
				GCC_C_LANGUAGE_STANDARD = gnu11;
				GCC_DYNAMIC_NO_PIC = NO;
				GCC_NO_COMMON_BLOCKS = YES;
				GCC_OPTIMIZATION_LEVEL = 0;
				GCC_PREPROCESSOR_DEFINITIONS = (
					"DEBUG=1",
					"$(inherited)",
				);
				GCC_WARN_64_TO_32_BIT_CONVERSION = YES;
				GCC_WARN_ABOUT_RETURN_TYPE = YES_ERROR;
				GCC_WARN_UNDECLARED_SELECTOR = YES;
				GCC_WARN_UNINITIALIZED_AUTOS = YES_AGGRESSIVE;
				GCC_WARN_UNUSED_FUNCTION = YES;
				GCC_WARN_UNUSED_VARIABLE = YES;
				IPHONEOS_DEPLOYMENT_TARGET = 13.4;
				MTL_ENABLE_DEBUG_INFO = INCLUDE_SOURCE;
				MTL_FAST_MATH = YES;
				ONLY_ACTIVE_ARCH = YES;
				SDKROOT = iphoneos;
				SWIFT_ACTIVE_COMPILATION_CONDITIONS = DEBUG;
				SWIFT_OPTIMIZATION_LEVEL = "-Onone";
			};
			name = Debug;
		};
		8B3F069624E7437F00E4E5A8 /* Release */ = {
			isa = XCBuildConfiguration;
			buildSettings = {
				ALWAYS_SEARCH_USER_PATHS = NO;
				CLANG_ANALYZER_NONNULL = YES;
				CLANG_ANALYZER_NUMBER_OBJECT_CONVERSION = YES_AGGRESSIVE;
				CLANG_CXX_LANGUAGE_STANDARD = "gnu++14";
				CLANG_CXX_LIBRARY = "libc++";
				CLANG_ENABLE_MODULES = YES;
				CLANG_ENABLE_OBJC_ARC = YES;
				CLANG_ENABLE_OBJC_WEAK = YES;
				CLANG_WARN_BLOCK_CAPTURE_AUTORELEASING = YES;
				CLANG_WARN_BOOL_CONVERSION = YES;
				CLANG_WARN_COMMA = YES;
				CLANG_WARN_CONSTANT_CONVERSION = YES;
				CLANG_WARN_DEPRECATED_OBJC_IMPLEMENTATIONS = YES;
				CLANG_WARN_DIRECT_OBJC_ISA_USAGE = YES_ERROR;
				CLANG_WARN_DOCUMENTATION_COMMENTS = YES;
				CLANG_WARN_EMPTY_BODY = YES;
				CLANG_WARN_ENUM_CONVERSION = YES;
				CLANG_WARN_INFINITE_RECURSION = YES;
				CLANG_WARN_INT_CONVERSION = YES;
				CLANG_WARN_NON_LITERAL_NULL_CONVERSION = YES;
				CLANG_WARN_OBJC_IMPLICIT_RETAIN_SELF = YES;
				CLANG_WARN_OBJC_LITERAL_CONVERSION = YES;
				CLANG_WARN_OBJC_ROOT_CLASS = YES_ERROR;
				CLANG_WARN_RANGE_LOOP_ANALYSIS = YES;
				CLANG_WARN_STRICT_PROTOTYPES = YES;
				CLANG_WARN_SUSPICIOUS_MOVE = YES;
				CLANG_WARN_UNGUARDED_AVAILABILITY = YES_AGGRESSIVE;
				CLANG_WARN_UNREACHABLE_CODE = YES;
				CLANG_WARN__DUPLICATE_METHOD_MATCH = YES;
				COPY_PHASE_STRIP = NO;
				DEBUG_INFORMATION_FORMAT = "dwarf-with-dsym";
				ENABLE_NS_ASSERTIONS = NO;
				ENABLE_STRICT_OBJC_MSGSEND = YES;
				GCC_C_LANGUAGE_STANDARD = gnu11;
				GCC_NO_COMMON_BLOCKS = YES;
				GCC_WARN_64_TO_32_BIT_CONVERSION = YES;
				GCC_WARN_ABOUT_RETURN_TYPE = YES_ERROR;
				GCC_WARN_UNDECLARED_SELECTOR = YES;
				GCC_WARN_UNINITIALIZED_AUTOS = YES_AGGRESSIVE;
				GCC_WARN_UNUSED_FUNCTION = YES;
				GCC_WARN_UNUSED_VARIABLE = YES;
				IPHONEOS_DEPLOYMENT_TARGET = 13.4;
				MTL_ENABLE_DEBUG_INFO = NO;
				MTL_FAST_MATH = YES;
				SDKROOT = iphoneos;
				SWIFT_COMPILATION_MODE = wholemodule;
				SWIFT_OPTIMIZATION_LEVEL = "-O";
				VALIDATE_PRODUCT = YES;
			};
			name = Release;
		};
		8B3F069824E7437F00E4E5A8 /* Debug */ = {
			isa = XCBuildConfiguration;
			buildSettings = {
				ASSETCATALOG_COMPILER_APPICON_NAME = AppIcon;
				CODE_SIGN_STYLE = Automatic;
				DEVELOPMENT_TEAM = 838D474LSQ;
				INFOPLIST_FILE = MapASU/Info.plist;
				LD_RUNPATH_SEARCH_PATHS = (
					"$(inherited)",
					"@executable_path/Frameworks",
				);
				PRODUCT_BUNDLE_IDENTIFIER = "Ian-Bradley.MapASU";
				PRODUCT_NAME = "$(TARGET_NAME)";
				SWIFT_VERSION = 5.0;
				TARGETED_DEVICE_FAMILY = "1,2";
			};
			name = Debug;
		};
		8B3F069924E7437F00E4E5A8 /* Release */ = {
			isa = XCBuildConfiguration;
			buildSettings = {
				ASSETCATALOG_COMPILER_APPICON_NAME = AppIcon;
				CODE_SIGN_STYLE = Automatic;
				DEVELOPMENT_TEAM = 838D474LSQ;
				INFOPLIST_FILE = MapASU/Info.plist;
				LD_RUNPATH_SEARCH_PATHS = (
					"$(inherited)",
					"@executable_path/Frameworks",
				);
				PRODUCT_BUNDLE_IDENTIFIER = "Ian-Bradley.MapASU";
				PRODUCT_NAME = "$(TARGET_NAME)";
				SWIFT_VERSION = 5.0;
				TARGETED_DEVICE_FAMILY = "1,2";
			};
			name = Release;
		};
/* End XCBuildConfiguration section */

/* Begin XCConfigurationList section */
		8B3F067B24E7436A00E4E5A8 /* Build configuration list for PBXProject "MapASU" */ = {
			isa = XCConfigurationList;
			buildConfigurations = (
				8B3F069524E7437F00E4E5A8 /* Debug */,
				8B3F069624E7437F00E4E5A8 /* Release */,
			);
			defaultConfigurationIsVisible = 0;
			defaultConfigurationName = Release;
		};
		8B3F069724E7437F00E4E5A8 /* Build configuration list for PBXNativeTarget "MapASU" */ = {
			isa = XCConfigurationList;
			buildConfigurations = (
				8B3F069824E7437F00E4E5A8 /* Debug */,
				8B3F069924E7437F00E4E5A8 /* Release */,
			);
			defaultConfigurationIsVisible = 0;
			defaultConfigurationName = Release;
		};
/* End XCConfigurationList section */

/* Begin XCRemoteSwiftPackageReference section */
		8B3ED40324FEFF5000BFEED7 /* XCRemoteSwiftPackageReference "SwiftSoup" */ = {
			isa = XCRemoteSwiftPackageReference;
			repositoryURL = "https://github.com/scinfu/SwiftSoup.git";
			requirement = {
				kind = upToNextMajorVersion;
				minimumVersion = 2.3.2;
			};
		};
/* End XCRemoteSwiftPackageReference section */

/* Begin XCSwiftPackageProductDependency section */
		8B3ED40424FEFF5000BFEED7 /* SwiftSoup */ = {
			isa = XCSwiftPackageProductDependency;
			package = 8B3ED40324FEFF5000BFEED7 /* XCRemoteSwiftPackageReference "SwiftSoup" */;
			productName = SwiftSoup;
		};
/* End XCSwiftPackageProductDependency section */

/* Begin XCVersionGroup section */
		8B3F068C24E7436A00E4E5A8 /* MapASU.xcdatamodeld */ = {
			isa = XCVersionGroup;
			children = (
				8B3F068D24E7436A00E4E5A8 /* MapASU.xcdatamodel */,
			);
			currentVersion = 8B3F068D24E7436A00E4E5A8 /* MapASU.xcdatamodel */;
			path = MapASU.xcdatamodeld;
			sourceTree = "<group>";
			versionGroupType = wrapper.xcdatamodel;
		};
/* End XCVersionGroup section */
	};
	rootObject = 8B3F067824E7436A00E4E5A8 /* Project object */;
}
